// !$*UTF8*$!
{
	archiveVersion = 1;
	classes = {
	};
	objectVersion = 56;
	objects = {

/* Begin PBXBuildFile section */
		91C921AB2C6CB32700F92FEA /* iOS_login_firebaseApp.swift in Sources */ = {isa = PBXBuildFile; fileRef = 91C921AA2C6CB32700F92FEA /* iOS_login_firebaseApp.swift */; };
		91C921AD2C6CB32700F92FEA /* ContentView.swift in Sources */ = {isa = PBXBuildFile; fileRef = 91C921AC2C6CB32700F92FEA /* ContentView.swift */; };
		91C921AF2C6CB33100F92FEA /* Assets.xcassets in Resources */ = {isa = PBXBuildFile; fileRef = 91C921AE2C6CB33100F92FEA /* Assets.xcassets */; };
		91C921B22C6CB33100F92FEA /* Preview Assets.xcassets in Resources */ = {isa = PBXBuildFile; fileRef = 91C921B12C6CB33100F92FEA /* Preview Assets.xcassets */; };
		91C921B92C6CB72F00F92FEA /* ContentViewModel.swift in Sources */ = {isa = PBXBuildFile; fileRef = 91C921B82C6CB72F00F92FEA /* ContentViewModel.swift */; };
		91C921BB2C6CBE0300F92FEA /* GoogleService-Info.plist in Resources */ = {isa = PBXBuildFile; fileRef = 91C921BA2C6CBE0300F92FEA /* GoogleService-Info.plist */; };
		91C921BE2C6CBFE000F92FEA /* FirebaseAnalytics in Frameworks */ = {isa = PBXBuildFile; productRef = 91C921BD2C6CBFE000F92FEA /* FirebaseAnalytics */; };
		91C921C02C6CBFE000F92FEA /* FirebaseAuth in Frameworks */ = {isa = PBXBuildFile; productRef = 91C921BF2C6CBFE000F92FEA /* FirebaseAuth */; };
		91C921C32C6CDF6600F92FEA /* LoginView.swift in Sources */ = {isa = PBXBuildFile; fileRef = 91C921C22C6CDF6600F92FEA /* LoginView.swift */; };
		91C921C52C6E0C5100F92FEA /* Constants.swift in Sources */ = {isa = PBXBuildFile; fileRef = 91C921C42C6E0C5100F92FEA /* Constants.swift */; };
		91C921C82C6E12B900F92FEA /* .gitignore in Resources */ = {isa = PBXBuildFile; fileRef = 91C921C72C6E12B900F92FEA /* .gitignore */; };
/* End PBXBuildFile section */

/* Begin PBXFileReference section */
		91C921A72C6CB32700F92FEA /* iOS_login_firebase.app */ = {isa = PBXFileReference; explicitFileType = wrapper.application; includeInIndex = 0; path = iOS_login_firebase.app; sourceTree = BUILT_PRODUCTS_DIR; };
		91C921AA2C6CB32700F92FEA /* iOS_login_firebaseApp.swift */ = {isa = PBXFileReference; lastKnownFileType = sourcecode.swift; path = iOS_login_firebaseApp.swift; sourceTree = "<group>"; };
		91C921AC2C6CB32700F92FEA /* ContentView.swift */ = {isa = PBXFileReference; lastKnownFileType = sourcecode.swift; path = ContentView.swift; sourceTree = "<group>"; };
		91C921AE2C6CB33100F92FEA /* Assets.xcassets */ = {isa = PBXFileReference; lastKnownFileType = folder.assetcatalog; path = Assets.xcassets; sourceTree = "<group>"; };
		91C921B12C6CB33100F92FEA /* Preview Assets.xcassets */ = {isa = PBXFileReference; lastKnownFileType = folder.assetcatalog; path = "Preview Assets.xcassets"; sourceTree = "<group>"; };
		91C921B82C6CB72F00F92FEA /* ContentViewModel.swift */ = {isa = PBXFileReference; lastKnownFileType = sourcecode.swift; path = ContentViewModel.swift; sourceTree = "<group>"; };
		91C921BA2C6CBE0300F92FEA /* GoogleService-Info.plist */ = {isa = PBXFileReference; fileEncoding = 4; lastKnownFileType = text.plist.xml; path = "GoogleService-Info.plist"; sourceTree = "<group>"; };
		91C921C22C6CDF6600F92FEA /* LoginView.swift */ = {isa = PBXFileReference; lastKnownFileType = sourcecode.swift; path = LoginView.swift; sourceTree = "<group>"; };
		91C921C42C6E0C5100F92FEA /* Constants.swift */ = {isa = PBXFileReference; lastKnownFileType = sourcecode.swift; path = Constants.swift; sourceTree = "<group>"; };
		91C921C72C6E12B900F92FEA /* .gitignore */ = {isa = PBXFileReference; lastKnownFileType = text; path = .gitignore; sourceTree = "<group>"; };
/* End PBXFileReference section */

/* Begin PBXFrameworksBuildPhase section */
		91C921A42C6CB32700F92FEA /* Frameworks */ = {
			isa = PBXFrameworksBuildPhase;
			buildActionMask = 2147483647;
			files = (
				91C921BE2C6CBFE000F92FEA /* FirebaseAnalytics in Frameworks */,
				91C921C02C6CBFE000F92FEA /* FirebaseAuth in Frameworks */,
			);
			runOnlyForDeploymentPostprocessing = 0;
		};
/* End PBXFrameworksBuildPhase section */

/* Begin PBXGroup section */
		91C9219E2C6CB32700F92FEA = {
			isa = PBXGroup;
			children = (
				91C921A92C6CB32700F92FEA /* iOS_login_firebase */,
				91C921A82C6CB32700F92FEA /* Products */,
				91C921C12C6CDC0100F92FEA /* Frameworks */,
			);
			sourceTree = "<group>";
		};
		91C921A82C6CB32700F92FEA /* Products */ = {
			isa = PBXGroup;
			children = (
				91C921A72C6CB32700F92FEA /* iOS_login_firebase.app */,
			);
			name = Products;
			sourceTree = "<group>";
		};
		91C921A92C6CB32700F92FEA /* iOS_login_firebase */ = {
			isa = PBXGroup;
			children = (
				91C921AA2C6CB32700F92FEA /* iOS_login_firebaseApp.swift */,
				91C921AC2C6CB32700F92FEA /* ContentView.swift */,
				91C921BA2C6CBE0300F92FEA /* GoogleService-Info.plist */,
				91C921B82C6CB72F00F92FEA /* ContentViewModel.swift */,
				91C921AE2C6CB33100F92FEA /* Assets.xcassets */,
				91C921B02C6CB33100F92FEA /* Preview Content */,
				91C921C22C6CDF6600F92FEA /* LoginView.swift */,
				91C921C42C6E0C5100F92FEA /* Constants.swift */,
				91C921C72C6E12B900F92FEA /* .gitignore */,
			);
			path = iOS_login_firebase;
			sourceTree = "<group>";
		};
		91C921B02C6CB33100F92FEA /* Preview Content */ = {
			isa = PBXGroup;
			children = (
				91C921B12C6CB33100F92FEA /* Preview Assets.xcassets */,
			);
			path = "Preview Content";
			sourceTree = "<group>";
		};
		91C921C12C6CDC0100F92FEA /* Frameworks */ = {
			isa = PBXGroup;
			children = (
			);
			name = Frameworks;
			sourceTree = "<group>";
		};
/* End PBXGroup section */

/* Begin PBXNativeTarget section */
		91C921A62C6CB32700F92FEA /* iOS_login_firebase */ = {
			isa = PBXNativeTarget;
			buildConfigurationList = 91C921B52C6CB33100F92FEA /* Build configuration list for PBXNativeTarget "iOS_login_firebase" */;
			buildPhases = (
				91C921A32C6CB32700F92FEA /* Sources */,
				91C921A42C6CB32700F92FEA /* Frameworks */,
				91C921A52C6CB32700F92FEA /* Resources */,
				91C921C62C6E0EB600F92FEA /* ShellScript */,
			);
			buildRules = (
			);
			dependencies = (
			);
			name = iOS_login_firebase;
			packageProductDependencies = (
				91C921BD2C6CBFE000F92FEA /* FirebaseAnalytics */,
				91C921BF2C6CBFE000F92FEA /* FirebaseAuth */,
			);
			productName = iOS_login_firebase;
			productReference = 91C921A72C6CB32700F92FEA /* iOS_login_firebase.app */;
			productType = "com.apple.product-type.application";
		};
/* End PBXNativeTarget section */

/* Begin PBXProject section */
		91C9219F2C6CB32700F92FEA /* Project object */ = {
			isa = PBXProject;
			attributes = {
				BuildIndependentTargetsInParallel = 1;
				LastSwiftUpdateCheck = 1540;
				LastUpgradeCheck = 1540;
				TargetAttributes = {
					91C921A62C6CB32700F92FEA = {
						CreatedOnToolsVersion = 15.4;
					};
				};
			};
			buildConfigurationList = 91C921A22C6CB32700F92FEA /* Build configuration list for PBXProject "iOS_login_firebase" */;
			compatibilityVersion = "Xcode 14.0";
			developmentRegion = en;
			hasScannedForEncodings = 0;
			knownRegions = (
				en,
				Base,
			);
			mainGroup = 91C9219E2C6CB32700F92FEA;
			packageReferences = (
				91C921BC2C6CBFE000F92FEA /* XCRemoteSwiftPackageReference "firebase-ios-sdk" */,
			);
			productRefGroup = 91C921A82C6CB32700F92FEA /* Products */;
			projectDirPath = "";
			projectRoot = "";
			targets = (
				91C921A62C6CB32700F92FEA /* iOS_login_firebase */,
			);
		};
/* End PBXProject section */

/* Begin PBXResourcesBuildPhase section */
		91C921A52C6CB32700F92FEA /* Resources */ = {
			isa = PBXResourcesBuildPhase;
			buildActionMask = 2147483647;
			files = (
				91C921C82C6E12B900F92FEA /* .gitignore in Resources */,
				91C921B22C6CB33100F92FEA /* Preview Assets.xcassets in Resources */,
				91C921AF2C6CB33100F92FEA /* Assets.xcassets in Resources */,
				91C921BB2C6CBE0300F92FEA /* GoogleService-Info.plist in Resources */,
			);
			runOnlyForDeploymentPostprocessing = 0;
		};
/* End PBXResourcesBuildPhase section */

/* Begin PBXShellScriptBuildPhase section */
		91C921C62C6E0EB600F92FEA /* ShellScript */ = {
			isa = PBXShellScriptBuildPhase;
			buildActionMask = 2147483647;
			files = (
			);
			inputFileListPaths = (
			);
			inputPaths = (
			);
			outputFileListPaths = (
			);
			outputPaths = (
			);
			runOnlyForDeploymentPostprocessing = 0;
			shellPath = /bin/sh;
			shellScript = "# Type a script or drag a script file from your workspace to insert its path.\n# Path to Constants.swift\nCONSTANTS_SWIFT=\"${PROJECT_DIR}/Constants.swift>\"\n\n# Extract the FIREBASE_API_KEY from Constants.swift\nAPI_KEY=$(grep 'let FIREBASE_API_KEY' \"$CONSTANTS_SWIFT\" | awk -F'\"' '{print $2}')\n\n# Update GoogleServices-Info.plist with the API_KEY\nPLIST=\"${BUILT_PRODUCTS_DIR}/${INFOPLIST_PATH}\"\n\nif [ -n \"$API_KEY\" ]; then\n    /usr/libexec/PlistBuddy -c \"Set :API_KEY $API_KEY\" \"$PLIST\"\nelse\n    echo \"API Key not found. Please check Constants.swift\"\n    exit 1\nfi\n";
		};
/* End PBXShellScriptBuildPhase section */

/* Begin PBXSourcesBuildPhase section */
		91C921A32C6CB32700F92FEA /* Sources */ = {
			isa = PBXSourcesBuildPhase;
			buildActionMask = 2147483647;
			files = (
				91C921C52C6E0C5100F92FEA /* Constants.swift in Sources */,
				91C921AD2C6CB32700F92FEA /* ContentView.swift in Sources */,
				91C921AB2C6CB32700F92FEA /* iOS_login_firebaseApp.swift in Sources */,
				91C921C32C6CDF6600F92FEA /* LoginView.swift in Sources */,
				91C921B92C6CB72F00F92FEA /* ContentViewModel.swift in Sources */,
			);
			runOnlyForDeploymentPostprocessing = 0;
		};
/* End PBXSourcesBuildPhase section */

/* Begin XCBuildConfiguration section */
		91C921B32C6CB33100F92FEA /* Debug */ = {
			isa = XCBuildConfiguration;
			buildSettings = {
				ALWAYS_SEARCH_USER_PATHS = NO;
				ASSETCATALOG_COMPILER_GENERATE_SWIFT_ASSET_SYMBOL_EXTENSIONS = YES;
				CLANG_ANALYZER_NONNULL = YES;
				CLANG_ANALYZER_NUMBER_OBJECT_CONVERSION = YES_AGGRESSIVE;
				CLANG_CXX_LANGUAGE_STANDARD = "gnu++20";
				CLANG_ENABLE_MODULES = YES;
				CLANG_ENABLE_OBJC_ARC = YES;
				CLANG_ENABLE_OBJC_WEAK = YES;
				CLANG_WARN_BLOCK_CAPTURE_AUTORELEASING = YES;
				CLANG_WARN_BOOL_CONVERSION = YES;
				CLANG_WARN_COMMA = YES;
				CLANG_WARN_CONSTANT_CONVERSION = YES;
				CLANG_WARN_DEPRECATED_OBJC_IMPLEMENTATIONS = YES;
				CLANG_WARN_DIRECT_OBJC_ISA_USAGE = YES_ERROR;
				CLANG_WARN_DOCUMENTATION_COMMENTS = YES;
				CLANG_WARN_EMPTY_BODY = YES;
				CLANG_WARN_ENUM_CONVERSION = YES;
				CLANG_WARN_INFINITE_RECURSION = YES;
				CLANG_WARN_INT_CONVERSION = YES;
				CLANG_WARN_NON_LITERAL_NULL_CONVERSION = YES;
				CLANG_WARN_OBJC_IMPLICIT_RETAIN_SELF = YES;
				CLANG_WARN_OBJC_LITERAL_CONVERSION = YES;
				CLANG_WARN_OBJC_ROOT_CLASS = YES_ERROR;
				CLANG_WARN_QUOTED_INCLUDE_IN_FRAMEWORK_HEADER = YES;
				CLANG_WARN_RANGE_LOOP_ANALYSIS = YES;
				CLANG_WARN_STRICT_PROTOTYPES = YES;
				CLANG_WARN_SUSPICIOUS_MOVE = YES;
				CLANG_WARN_UNGUARDED_AVAILABILITY = YES_AGGRESSIVE;
				CLANG_WARN_UNREACHABLE_CODE = YES;
				CLANG_WARN__DUPLICATE_METHOD_MATCH = YES;
				COPY_PHASE_STRIP = NO;
				DEBUG_INFORMATION_FORMAT = dwarf;
				ENABLE_STRICT_OBJC_MSGSEND = YES;
				ENABLE_TESTABILITY = YES;
				ENABLE_USER_SCRIPT_SANDBOXING = YES;
				GCC_C_LANGUAGE_STANDARD = gnu17;
				GCC_DYNAMIC_NO_PIC = NO;
				GCC_NO_COMMON_BLOCKS = YES;
				GCC_OPTIMIZATION_LEVEL = 0;
				GCC_PREPROCESSOR_DEFINITIONS = (
					"DEBUG=1",
					"$(inherited)",
				);
				GCC_WARN_64_TO_32_BIT_CONVERSION = YES;
				GCC_WARN_ABOUT_RETURN_TYPE = YES_ERROR;
				GCC_WARN_UNDECLARED_SELECTOR = YES;
				GCC_WARN_UNINITIALIZED_AUTOS = YES_AGGRESSIVE;
				GCC_WARN_UNUSED_FUNCTION = YES;
				GCC_WARN_UNUSED_VARIABLE = YES;
				IPHONEOS_DEPLOYMENT_TARGET = 17.5;
				LOCALIZATION_PREFERS_STRING_CATALOGS = YES;
				MTL_ENABLE_DEBUG_INFO = INCLUDE_SOURCE;
				MTL_FAST_MATH = YES;
				ONLY_ACTIVE_ARCH = YES;
				SDKROOT = iphoneos;
				SWIFT_ACTIVE_COMPILATION_CONDITIONS = "DEBUG $(inherited)";
				SWIFT_OPTIMIZATION_LEVEL = "-Onone";
			};
			name = Debug;
		};
		91C921B42C6CB33100F92FEA /* Release */ = {
			isa = XCBuildConfiguration;
			buildSettings = {
				ALWAYS_SEARCH_USER_PATHS = NO;
				ASSETCATALOG_COMPILER_GENERATE_SWIFT_ASSET_SYMBOL_EXTENSIONS = YES;
				CLANG_ANALYZER_NONNULL = YES;
				CLANG_ANALYZER_NUMBER_OBJECT_CONVERSION = YES_AGGRESSIVE;
				CLANG_CXX_LANGUAGE_STANDARD = "gnu++20";
				CLANG_ENABLE_MODULES = YES;
				CLANG_ENABLE_OBJC_ARC = YES;
				CLANG_ENABLE_OBJC_WEAK = YES;
				CLANG_WARN_BLOCK_CAPTURE_AUTORELEASING = YES;
				CLANG_WARN_BOOL_CONVERSION = YES;
				CLANG_WARN_COMMA = YES;
				CLANG_WARN_CONSTANT_CONVERSION = YES;
				CLANG_WARN_DEPRECATED_OBJC_IMPLEMENTATIONS = YES;
				CLANG_WARN_DIRECT_OBJC_ISA_USAGE = YES_ERROR;
				CLANG_WARN_DOCUMENTATION_COMMENTS = YES;
				CLANG_WARN_EMPTY_BODY = YES;
				CLANG_WARN_ENUM_CONVERSION = YES;
				CLANG_WARN_INFINITE_RECURSION = YES;
				CLANG_WARN_INT_CONVERSION = YES;
				CLANG_WARN_NON_LITERAL_NULL_CONVERSION = YES;
				CLANG_WARN_OBJC_IMPLICIT_RETAIN_SELF = YES;
				CLANG_WARN_OBJC_LITERAL_CONVERSION = YES;
				CLANG_WARN_OBJC_ROOT_CLASS = YES_ERROR;
				CLANG_WARN_QUOTED_INCLUDE_IN_FRAMEWORK_HEADER = YES;
				CLANG_WARN_RANGE_LOOP_ANALYSIS = YES;
				CLANG_WARN_STRICT_PROTOTYPES = YES;
				CLANG_WARN_SUSPICIOUS_MOVE = YES;
				CLANG_WARN_UNGUARDED_AVAILABILITY = YES_AGGRESSIVE;
				CLANG_WARN_UNREACHABLE_CODE = YES;
				CLANG_WARN__DUPLICATE_METHOD_MATCH = YES;
				COPY_PHASE_STRIP = NO;
				DEBUG_INFORMATION_FORMAT = "dwarf-with-dsym";
				ENABLE_NS_ASSERTIONS = NO;
				ENABLE_STRICT_OBJC_MSGSEND = YES;
				ENABLE_USER_SCRIPT_SANDBOXING = YES;
				GCC_C_LANGUAGE_STANDARD = gnu17;
				GCC_NO_COMMON_BLOCKS = YES;
				GCC_WARN_64_TO_32_BIT_CONVERSION = YES;
				GCC_WARN_ABOUT_RETURN_TYPE = YES_ERROR;
				GCC_WARN_UNDECLARED_SELECTOR = YES;
				GCC_WARN_UNINITIALIZED_AUTOS = YES_AGGRESSIVE;
				GCC_WARN_UNUSED_FUNCTION = YES;
				GCC_WARN_UNUSED_VARIABLE = YES;
				IPHONEOS_DEPLOYMENT_TARGET = 17.5;
				LOCALIZATION_PREFERS_STRING_CATALOGS = YES;
				MTL_ENABLE_DEBUG_INFO = NO;
				MTL_FAST_MATH = YES;
				SDKROOT = iphoneos;
				SWIFT_COMPILATION_MODE = wholemodule;
				VALIDATE_PRODUCT = YES;
			};
			name = Release;
		};
		91C921B62C6CB33100F92FEA /* Debug */ = {
			isa = XCBuildConfiguration;
			buildSettings = {
				ASSETCATALOG_COMPILER_APPICON_NAME = AppIcon;
				ASSETCATALOG_COMPILER_GLOBAL_ACCENT_COLOR_NAME = AccentColor;
				CODE_SIGN_STYLE = Automatic;
				CURRENT_PROJECT_VERSION = 1;
				DEVELOPMENT_ASSET_PATHS = "\"iOS_login_firebase/Preview Content\"";
				DEVELOPMENT_TEAM = 5M85C8QX87;
				ENABLE_PREVIEWS = YES;
				GENERATE_INFOPLIST_FILE = YES;
				INFOPLIST_KEY_UIApplicationSceneManifest_Generation = YES;
				INFOPLIST_KEY_UIApplicationSupportsIndirectInputEvents = YES;
				INFOPLIST_KEY_UILaunchScreen_Generation = YES;
				INFOPLIST_KEY_UISupportedInterfaceOrientations_iPad = "UIInterfaceOrientationPortrait UIInterfaceOrientationPortraitUpsideDown UIInterfaceOrientationLandscapeLeft UIInterfaceOrientationLandscapeRight";
				INFOPLIST_KEY_UISupportedInterfaceOrientations_iPhone = "UIInterfaceOrientationPortrait UIInterfaceOrientationLandscapeLeft UIInterfaceOrientationLandscapeRight";
				LD_RUNPATH_SEARCH_PATHS = (
					"$(inherited)",
					"@executable_path/Frameworks",
				);
				MARKETING_VERSION = 1.0;
				PRODUCT_BUNDLE_IDENTIFIER = "com.bee.iOS-login-firebase";
				PRODUCT_NAME = "$(TARGET_NAME)";
				SWIFT_EMIT_LOC_STRINGS = YES;
				SWIFT_VERSION = 5.0;
				TARGETED_DEVICE_FAMILY = "1,2";
			};
			name = Debug;
		};
		91C921B72C6CB33100F92FEA /* Release */ = {
			isa = XCBuildConfiguration;
			buildSettings = {
				ASSETCATALOG_COMPILER_APPICON_NAME = AppIcon;
				ASSETCATALOG_COMPILER_GLOBAL_ACCENT_COLOR_NAME = AccentColor;
				CODE_SIGN_STYLE = Automatic;
				CURRENT_PROJECT_VERSION = 1;
				DEVELOPMENT_ASSET_PATHS = "\"iOS_login_firebase/Preview Content\"";
				DEVELOPMENT_TEAM = 5M85C8QX87;
				ENABLE_PREVIEWS = YES;
				GENERATE_INFOPLIST_FILE = YES;
				INFOPLIST_KEY_UIApplicationSceneManifest_Generation = YES;
				INFOPLIST_KEY_UIApplicationSupportsIndirectInputEvents = YES;
				INFOPLIST_KEY_UILaunchScreen_Generation = YES;
				INFOPLIST_KEY_UISupportedInterfaceOrientations_iPad = "UIInterfaceOrientationPortrait UIInterfaceOrientationPortraitUpsideDown UIInterfaceOrientationLandscapeLeft UIInterfaceOrientationLandscapeRight";
				INFOPLIST_KEY_UISupportedInterfaceOrientations_iPhone = "UIInterfaceOrientationPortrait UIInterfaceOrientationLandscapeLeft UIInterfaceOrientationLandscapeRight";
				LD_RUNPATH_SEARCH_PATHS = (
					"$(inherited)",
					"@executable_path/Frameworks",
				);
				MARKETING_VERSION = 1.0;
				PRODUCT_BUNDLE_IDENTIFIER = "com.bee.iOS-login-firebase";
				PRODUCT_NAME = "$(TARGET_NAME)";
				SWIFT_EMIT_LOC_STRINGS = YES;
				SWIFT_VERSION = 5.0;
				TARGETED_DEVICE_FAMILY = "1,2";
			};
			name = Release;
		};
/* End XCBuildConfiguration section */

/* Begin XCConfigurationList section */
		91C921A22C6CB32700F92FEA /* Build configuration list for PBXProject "iOS_login_firebase" */ = {
			isa = XCConfigurationList;
			buildConfigurations = (
				91C921B32C6CB33100F92FEA /* Debug */,
				91C921B42C6CB33100F92FEA /* Release */,
			);
			defaultConfigurationIsVisible = 0;
			defaultConfigurationName = Release;
		};
		91C921B52C6CB33100F92FEA /* Build configuration list for PBXNativeTarget "iOS_login_firebase" */ = {
			isa = XCConfigurationList;
			buildConfigurations = (
				91C921B62C6CB33100F92FEA /* Debug */,
				91C921B72C6CB33100F92FEA /* Release */,
			);
			defaultConfigurationIsVisible = 0;
			defaultConfigurationName = Release;
		};
/* End XCConfigurationList section */

/* Begin XCRemoteSwiftPackageReference section */
		91C921BC2C6CBFE000F92FEA /* XCRemoteSwiftPackageReference "firebase-ios-sdk" */ = {
			isa = XCRemoteSwiftPackageReference;
			repositoryURL = "https://github.com/firebase/firebase-ios-sdk";
			requirement = {
				kind = upToNextMajorVersion;
				minimumVersion = 11.0.0;
			};
		};
/* End XCRemoteSwiftPackageReference section */

/* Begin XCSwiftPackageProductDependency section */
		91C921BD2C6CBFE000F92FEA /* FirebaseAnalytics */ = {
			isa = XCSwiftPackageProductDependency;
			package = 91C921BC2C6CBFE000F92FEA /* XCRemoteSwiftPackageReference "firebase-ios-sdk" */;
			productName = FirebaseAnalytics;
		};
		91C921BF2C6CBFE000F92FEA /* FirebaseAuth */ = {
			isa = XCSwiftPackageProductDependency;
			package = 91C921BC2C6CBFE000F92FEA /* XCRemoteSwiftPackageReference "firebase-ios-sdk" */;
			productName = FirebaseAuth;
		};
/* End XCSwiftPackageProductDependency section */
	};
	rootObject = 91C9219F2C6CB32700F92FEA /* Project object */;
}
