// !$*UTF8*$!
{
	archiveVersion = 1;
	classes = {
	};
	objectVersion = 56;
	objects = {

/* Begin PBXBuildFile section */
		91C921AB2C6CB32700F92FEA /* iOS_login_firebaseApp.swift in Sources */ = {isa = PBXBuildFile; fileRef = 91C921AA2C6CB32700F92FEA /* iOS_login_firebaseApp.swift */; };
		91C921AF2C6CB33100F92FEA /* Assets.xcassets in Resources */ = {isa = PBXBuildFile; fileRef = 91C921AE2C6CB33100F92FEA /* Assets.xcassets */; };
		91C921B22C6CB33100F92FEA /* Preview Assets.xcassets in Resources */ = {isa = PBXBuildFile; fileRef = 91C921B12C6CB33100F92FEA /* Preview Assets.xcassets */; };
		91C921BB2C6CBE0300F92FEA /* GoogleService-Info.plist in Resources */ = {isa = PBXBuildFile; fileRef = 91C921BA2C6CBE0300F92FEA /* GoogleService-Info.plist */; };
		91C921BE2C6CBFE000F92FEA /* FirebaseAnalytics in Frameworks */ = {isa = PBXBuildFile; productRef = 91C921BD2C6CBFE000F92FEA /* FirebaseAnalytics */; };
		91C921C02C6CBFE000F92FEA /* FirebaseAuth in Frameworks */ = {isa = PBXBuildFile; productRef = 91C921BF2C6CBFE000F92FEA /* FirebaseAuth */; };
		91C921C32C6CDF6600F92FEA /* LoginView.swift in Sources */ = {isa = PBXBuildFile; fileRef = 91C921C22C6CDF6600F92FEA /* LoginView.swift */; };
		91C921C52C6E0C5100F92FEA /* Constants.swift in Sources */ = {isa = PBXBuildFile; fileRef = 91C921C42C6E0C5100F92FEA /* Constants.swift */; };
		91C921C82C6E12B900F92FEA /* .gitignore in Resources */ = {isa = PBXBuildFile; fileRef = 91C921C72C6E12B900F92FEA /* .gitignore */; };
		91C921CD2C6E37A300F92FEA /* StartView.swift in Sources */ = {isa = PBXBuildFile; fileRef = 91C921CC2C6E37A300F92FEA /* StartView.swift */; };
		91C921CF2C6E391600F92FEA /* HomePageView.swift in Sources */ = {isa = PBXBuildFile; fileRef = 91C921CE2C6E391600F92FEA /* HomePageView.swift */; };
		91C921F42C6F4CC300F92FEA /* AuthenticationManager.swift in Sources */ = {isa = PBXBuildFile; fileRef = 91C921F32C6F4CC300F92FEA /* AuthenticationManager.swift */; };
		91C921F62C6F4DC100F92FEA /* AuthDataEntity.swift in Sources */ = {isa = PBXBuildFile; fileRef = 91C921F52C6F4DC100F92FEA /* AuthDataEntity.swift */; };
		91C921F82C6F505800F92FEA /* LoginViewModel.swift in Sources */ = {isa = PBXBuildFile; fileRef = 91C921F72C6F505800F92FEA /* LoginViewModel.swift */; };
		91C921FB2C6F5EC300F92FEA /* HomePageViewModel.swift in Sources */ = {isa = PBXBuildFile; fileRef = 91C921FA2C6F5EC300F92FEA /* HomePageViewModel.swift */; };
		91C921FE2C6F643E00F92FEA /* UIState.swift in Sources */ = {isa = PBXBuildFile; fileRef = 91C921FD2C6F643E00F92FEA /* UIState.swift */; };
		91C922002C75E73000F92FEA /* NavigationToolbarModifier.swift in Sources */ = {isa = PBXBuildFile; fileRef = 91C921FF2C75E73000F92FEA /* NavigationToolbarModifier.swift */; };
		91C922022C75EAAF00F92FEA /* ProfilePhoto.swift in Sources */ = {isa = PBXBuildFile; fileRef = 91C922012C75EAAF00F92FEA /* ProfilePhoto.swift */; };
		91C922052C75EDAC00F92FEA /* SettingsView.swift in Sources */ = {isa = PBXBuildFile; fileRef = 91C922042C75EDAC00F92FEA /* SettingsView.swift */; };
		91C922072C75EF7B00F92FEA /* UserEntity.swift in Sources */ = {isa = PBXBuildFile; fileRef = 91C922062C75EF7B00F92FEA /* UserEntity.swift */; };
		91C9220A2C75FC6D00F92FEA /* FirebaseAuthCombine-Community in Frameworks */ = {isa = PBXBuildFile; productRef = 91C922092C75FC6D00F92FEA /* FirebaseAuthCombine-Community */; };
		91C9220C2C75FC6D00F92FEA /* FirebaseFirestore in Frameworks */ = {isa = PBXBuildFile; productRef = 91C9220B2C75FC6D00F92FEA /* FirebaseFirestore */; };
		91C9220E2C75FC6D00F92FEA /* FirebaseFirestoreCombine-Community in Frameworks */ = {isa = PBXBuildFile; productRef = 91C9220D2C75FC6D00F92FEA /* FirebaseFirestoreCombine-Community */; };
		91C922102C7618CA00F92FEA /* StartViewModel.swift in Sources */ = {isa = PBXBuildFile; fileRef = 91C9220F2C7618CA00F92FEA /* StartViewModel.swift */; };
		91C922132C7625DB00F92FEA /* SettingsViewModel.swift in Sources */ = {isa = PBXBuildFile; fileRef = 91C922122C7625DB00F92FEA /* SettingsViewModel.swift */; };
		91C922152C76355400F92FEA /* FirestoreService.swift in Sources */ = {isa = PBXBuildFile; fileRef = 91C922142C76355400F92FEA /* FirestoreService.swift */; };
		91C922172C7635A200F92FEA /* IntakeEntity.swift in Sources */ = {isa = PBXBuildFile; fileRef = 91C922162C7635A200F92FEA /* IntakeEntity.swift */; };
		91C922192C763EB300F92FEA /* UserService.swift in Sources */ = {isa = PBXBuildFile; fileRef = 91C922182C763EB300F92FEA /* UserService.swift */; };
/* End PBXBuildFile section */

/* Begin PBXFileReference section */
		91C921A72C6CB32700F92FEA /* iOS_login_firebase.app */ = {isa = PBXFileReference; explicitFileType = wrapper.application; includeInIndex = 0; path = iOS_login_firebase.app; sourceTree = BUILT_PRODUCTS_DIR; };
		91C921AA2C6CB32700F92FEA /* iOS_login_firebaseApp.swift */ = {isa = PBXFileReference; lastKnownFileType = sourcecode.swift; path = iOS_login_firebaseApp.swift; sourceTree = "<group>"; };
		91C921AE2C6CB33100F92FEA /* Assets.xcassets */ = {isa = PBXFileReference; lastKnownFileType = folder.assetcatalog; path = Assets.xcassets; sourceTree = "<group>"; };
		91C921B12C6CB33100F92FEA /* Preview Assets.xcassets */ = {isa = PBXFileReference; lastKnownFileType = folder.assetcatalog; path = "Preview Assets.xcassets"; sourceTree = "<group>"; };
		91C921BA2C6CBE0300F92FEA /* GoogleService-Info.plist */ = {isa = PBXFileReference; fileEncoding = 4; lastKnownFileType = text.plist.xml; path = "GoogleService-Info.plist"; sourceTree = "<group>"; };
		91C921C22C6CDF6600F92FEA /* LoginView.swift */ = {isa = PBXFileReference; lastKnownFileType = sourcecode.swift; path = LoginView.swift; sourceTree = "<group>"; };
		91C921C42C6E0C5100F92FEA /* Constants.swift */ = {isa = PBXFileReference; lastKnownFileType = sourcecode.swift; path = Constants.swift; sourceTree = "<group>"; };
		91C921C72C6E12B900F92FEA /* .gitignore */ = {isa = PBXFileReference; lastKnownFileType = text; path = .gitignore; sourceTree = "<group>"; };
		91C921CC2C6E37A300F92FEA /* StartView.swift */ = {isa = PBXFileReference; lastKnownFileType = sourcecode.swift; path = StartView.swift; sourceTree = "<group>"; };
		91C921CE2C6E391600F92FEA /* HomePageView.swift */ = {isa = PBXFileReference; fileEncoding = 4; lastKnownFileType = sourcecode.swift; path = HomePageView.swift; sourceTree = "<group>"; };
		91C921F32C6F4CC300F92FEA /* AuthenticationManager.swift */ = {isa = PBXFileReference; lastKnownFileType = sourcecode.swift; path = AuthenticationManager.swift; sourceTree = "<group>"; };
		91C921F52C6F4DC100F92FEA /* AuthDataEntity.swift */ = {isa = PBXFileReference; lastKnownFileType = sourcecode.swift; path = AuthDataEntity.swift; sourceTree = "<group>"; };
		91C921F72C6F505800F92FEA /* LoginViewModel.swift */ = {isa = PBXFileReference; lastKnownFileType = sourcecode.swift; path = LoginViewModel.swift; sourceTree = "<group>"; };
		91C921FA2C6F5EC300F92FEA /* HomePageViewModel.swift */ = {isa = PBXFileReference; lastKnownFileType = sourcecode.swift; path = HomePageViewModel.swift; sourceTree = "<group>"; };
		91C921FD2C6F643E00F92FEA /* UIState.swift */ = {isa = PBXFileReference; lastKnownFileType = sourcecode.swift; path = UIState.swift; sourceTree = "<group>"; };
		91C921FF2C75E73000F92FEA /* NavigationToolbarModifier.swift */ = {isa = PBXFileReference; lastKnownFileType = sourcecode.swift; path = NavigationToolbarModifier.swift; sourceTree = "<group>"; };
		91C922012C75EAAF00F92FEA /* ProfilePhoto.swift */ = {isa = PBXFileReference; lastKnownFileType = sourcecode.swift; path = ProfilePhoto.swift; sourceTree = "<group>"; };
		91C922042C75EDAC00F92FEA /* SettingsView.swift */ = {isa = PBXFileReference; lastKnownFileType = sourcecode.swift; path = SettingsView.swift; sourceTree = "<group>"; };
		91C922062C75EF7B00F92FEA /* UserEntity.swift */ = {isa = PBXFileReference; lastKnownFileType = sourcecode.swift; path = UserEntity.swift; sourceTree = "<group>"; };
		91C9220F2C7618CA00F92FEA /* StartViewModel.swift */ = {isa = PBXFileReference; lastKnownFileType = sourcecode.swift; path = StartViewModel.swift; sourceTree = "<group>"; };
		91C922122C7625DB00F92FEA /* SettingsViewModel.swift */ = {isa = PBXFileReference; lastKnownFileType = sourcecode.swift; path = SettingsViewModel.swift; sourceTree = "<group>"; };
		91C922142C76355400F92FEA /* FirestoreService.swift */ = {isa = PBXFileReference; lastKnownFileType = sourcecode.swift; path = FirestoreService.swift; sourceTree = "<group>"; };
		91C922162C7635A200F92FEA /* IntakeEntity.swift */ = {isa = PBXFileReference; lastKnownFileType = sourcecode.swift; path = IntakeEntity.swift; sourceTree = "<group>"; };
		91C922182C763EB300F92FEA /* UserService.swift */ = {isa = PBXFileReference; lastKnownFileType = sourcecode.swift; path = UserService.swift; sourceTree = "<group>"; };
/* End PBXFileReference section */

/* Begin PBXFrameworksBuildPhase section */
		91C921A42C6CB32700F92FEA /* Frameworks */ = {
			isa = PBXFrameworksBuildPhase;
			buildActionMask = 2147483647;
			files = (
				91C921BE2C6CBFE000F92FEA /* FirebaseAnalytics in Frameworks */,
				91C9220C2C75FC6D00F92FEA /* FirebaseFirestore in Frameworks */,
				91C9220A2C75FC6D00F92FEA /* FirebaseAuthCombine-Community in Frameworks */,
				91C9220E2C75FC6D00F92FEA /* FirebaseFirestoreCombine-Community in Frameworks */,
				91C921C02C6CBFE000F92FEA /* FirebaseAuth in Frameworks */,
			);
			runOnlyForDeploymentPostprocessing = 0;
		};
/* End PBXFrameworksBuildPhase section */

/* Begin PBXGroup section */
		91C9219E2C6CB32700F92FEA = {
			isa = PBXGroup;
			children = (
				91C921A92C6CB32700F92FEA /* iOS_login_firebase */,
				91C921A82C6CB32700F92FEA /* Products */,
				91C921C12C6CDC0100F92FEA /* Frameworks */,
			);
			sourceTree = "<group>";
		};
		91C921A82C6CB32700F92FEA /* Products */ = {
			isa = PBXGroup;
			children = (
				91C921A72C6CB32700F92FEA /* iOS_login_firebase.app */,
			);
			name = Products;
			sourceTree = "<group>";
		};
		91C921A92C6CB32700F92FEA /* iOS_login_firebase */ = {
			isa = PBXGroup;
			children = (
				91C921FC2C6F642C00F92FEA /* DI */,
				91C921AA2C6CB32700F92FEA /* iOS_login_firebaseApp.swift */,
				91C921C42C6E0C5100F92FEA /* Constants.swift */,
				91C921D52C6F45AD00F92FEA /* Data */,
				91C921CB2C6E366400F92FEA /* UI */,
				91C921AE2C6CB33100F92FEA /* Assets.xcassets */,
				91C921B02C6CB33100F92FEA /* Preview Content */,
				91C921BA2C6CBE0300F92FEA /* GoogleService-Info.plist */,
				91C921C72C6E12B900F92FEA /* .gitignore */,
			);
			path = iOS_login_firebase;
			sourceTree = "<group>";
		};
		91C921B02C6CB33100F92FEA /* Preview Content */ = {
			isa = PBXGroup;
			children = (
				91C921B12C6CB33100F92FEA /* Preview Assets.xcassets */,
			);
			path = "Preview Content";
			sourceTree = "<group>";
		};
		91C921C12C6CDC0100F92FEA /* Frameworks */ = {
			isa = PBXGroup;
			children = (
			);
			name = Frameworks;
			sourceTree = "<group>";
		};
		91C921CB2C6E366400F92FEA /* UI */ = {
			isa = PBXGroup;
			children = (
				91C922112C7625B500F92FEA /* StartPage */,
				91C922032C75ED1600F92FEA /* SettingsPage */,
				91C921F92C6F5EAE00F92FEA /* HomePage */,
				91C921D42C6F44A400F92FEA /* LoginPage */,
				91C921FF2C75E73000F92FEA /* NavigationToolbarModifier.swift */,
				91C922012C75EAAF00F92FEA /* ProfilePhoto.swift */,
			);
			path = UI;
			sourceTree = "<group>";
		};
		91C921D42C6F44A400F92FEA /* LoginPage */ = {
			isa = PBXGroup;
			children = (
				91C921C22C6CDF6600F92FEA /* LoginView.swift */,
				91C921F72C6F505800F92FEA /* LoginViewModel.swift */,
			);
			path = LoginPage;
			sourceTree = "<group>";
		};
		91C921D52C6F45AD00F92FEA /* Data */ = {
			isa = PBXGroup;
			children = (
				91C922082C75EFDD00F92FEA /* Repository */,
				91C921D82C6F468300F92FEA /* Service */,
				91C921D72C6F467300F92FEA /* Domain */,
				91C921D62C6F45CD00F92FEA /* Entity */,
			);
			path = Data;
			sourceTree = "<group>";
		};
		91C921D62C6F45CD00F92FEA /* Entity */ = {
			isa = PBXGroup;
			children = (
				91C921F52C6F4DC100F92FEA /* AuthDataEntity.swift */,
				91C922062C75EF7B00F92FEA /* UserEntity.swift */,
				91C922162C7635A200F92FEA /* IntakeEntity.swift */,
			);
			path = Entity;
			sourceTree = "<group>";
		};
		91C921D72C6F467300F92FEA /* Domain */ = {
			isa = PBXGroup;
			children = (
			);
			path = Domain;
			sourceTree = "<group>";
		};
		91C921D82C6F468300F92FEA /* Service */ = {
			isa = PBXGroup;
			children = (
				91C922142C76355400F92FEA /* FirestoreService.swift */,
				91C922182C763EB300F92FEA /* UserService.swift */,
			);
			path = Service;
			sourceTree = "<group>";
		};
		91C921F92C6F5EAE00F92FEA /* HomePage */ = {
			isa = PBXGroup;
			children = (
				91C921CE2C6E391600F92FEA /* HomePageView.swift */,
				91C921FA2C6F5EC300F92FEA /* HomePageViewModel.swift */,
			);
			path = HomePage;
			sourceTree = "<group>";
		};
		91C921FC2C6F642C00F92FEA /* DI */ = {
			isa = PBXGroup;
			children = (
				91C921F32C6F4CC300F92FEA /* AuthenticationManager.swift */,
				91C921FD2C6F643E00F92FEA /* UIState.swift */,
			);
			path = DI;
			sourceTree = "<group>";
		};
		91C922032C75ED1600F92FEA /* SettingsPage */ = {
			isa = PBXGroup;
			children = (
				91C922042C75EDAC00F92FEA /* SettingsView.swift */,
				91C922122C7625DB00F92FEA /* SettingsViewModel.swift */,
			);
			path = SettingsPage;
			sourceTree = "<group>";
		};
		91C922082C75EFDD00F92FEA /* Repository */ = {
			isa = PBXGroup;
			children = (
			);
			path = Repository;
			sourceTree = "<group>";
		};
		91C922112C7625B500F92FEA /* StartPage */ = {
			isa = PBXGroup;
			children = (
				91C921CC2C6E37A300F92FEA /* StartView.swift */,
				91C9220F2C7618CA00F92FEA /* StartViewModel.swift */,
			);
			path = StartPage;
			sourceTree = "<group>";
		};
/* End PBXGroup section */

/* Begin PBXNativeTarget section */
		91C921A62C6CB32700F92FEA /* iOS_login_firebase */ = {
			isa = PBXNativeTarget;
			buildConfigurationList = 91C921B52C6CB33100F92FEA /* Build configuration list for PBXNativeTarget "iOS_login_firebase" */;
			buildPhases = (
				91C921A32C6CB32700F92FEA /* Sources */,
				91C921A42C6CB32700F92FEA /* Frameworks */,
				91C921A52C6CB32700F92FEA /* Resources */,
			);
			buildRules = (
			);
			dependencies = (
			);
			name = iOS_login_firebase;
			packageProductDependencies = (
				91C921BD2C6CBFE000F92FEA /* FirebaseAnalytics */,
				91C921BF2C6CBFE000F92FEA /* FirebaseAuth */,
				91C922092C75FC6D00F92FEA /* FirebaseAuthCombine-Community */,
				91C9220B2C75FC6D00F92FEA /* FirebaseFirestore */,
				91C9220D2C75FC6D00F92FEA /* FirebaseFirestoreCombine-Community */,
			);
			productName = iOS_login_firebase;
			productReference = 91C921A72C6CB32700F92FEA /* iOS_login_firebase.app */;
			productType = "com.apple.product-type.application";
		};
/* End PBXNativeTarget section */

/* Begin PBXProject section */
		91C9219F2C6CB32700F92FEA /* Project object */ = {
			isa = PBXProject;
			attributes = {
				BuildIndependentTargetsInParallel = 1;
				LastSwiftUpdateCheck = 1540;
				LastUpgradeCheck = 1540;
				TargetAttributes = {
					91C921A62C6CB32700F92FEA = {
						CreatedOnToolsVersion = 15.4;
					};
				};
			};
			buildConfigurationList = 91C921A22C6CB32700F92FEA /* Build configuration list for PBXProject "iOS_login_firebase" */;
			compatibilityVersion = "Xcode 14.0";
			developmentRegion = en;
			hasScannedForEncodings = 0;
			knownRegions = (
				en,
				Base,
			);
			mainGroup = 91C9219E2C6CB32700F92FEA;
			packageReferences = (
				91C921BC2C6CBFE000F92FEA /* XCRemoteSwiftPackageReference "firebase-ios-sdk" */,
			);
			productRefGroup = 91C921A82C6CB32700F92FEA /* Products */;
			projectDirPath = "";
			projectRoot = "";
			targets = (
				91C921A62C6CB32700F92FEA /* iOS_login_firebase */,
			);
		};
/* End PBXProject section */

/* Begin PBXResourcesBuildPhase section */
		91C921A52C6CB32700F92FEA /* Resources */ = {
			isa = PBXResourcesBuildPhase;
			buildActionMask = 2147483647;
			files = (
				91C921C82C6E12B900F92FEA /* .gitignore in Resources */,
				91C921B22C6CB33100F92FEA /* Preview Assets.xcassets in Resources */,
				91C921AF2C6CB33100F92FEA /* Assets.xcassets in Resources */,
				91C921BB2C6CBE0300F92FEA /* GoogleService-Info.plist in Resources */,
			);
			runOnlyForDeploymentPostprocessing = 0;
		};
/* End PBXResourcesBuildPhase section */

/* Begin PBXSourcesBuildPhase section */
		91C921A32C6CB32700F92FEA /* Sources */ = {
			isa = PBXSourcesBuildPhase;
			buildActionMask = 2147483647;
			files = (
				91C922172C7635A200F92FEA /* IntakeEntity.swift in Sources */,
				91C921C52C6E0C5100F92FEA /* Constants.swift in Sources */,
				91C921F82C6F505800F92FEA /* LoginViewModel.swift in Sources */,
				91C921AB2C6CB32700F92FEA /* iOS_login_firebaseApp.swift in Sources */,
				91C921FB2C6F5EC300F92FEA /* HomePageViewModel.swift in Sources */,
				91C921FE2C6F643E00F92FEA /* UIState.swift in Sources */,
				91C921F42C6F4CC300F92FEA /* AuthenticationManager.swift in Sources */,
				91C922052C75EDAC00F92FEA /* SettingsView.swift in Sources */,
				91C922132C7625DB00F92FEA /* SettingsViewModel.swift in Sources */,
				91C921F62C6F4DC100F92FEA /* AuthDataEntity.swift in Sources */,
				91C922102C7618CA00F92FEA /* StartViewModel.swift in Sources */,
				91C922152C76355400F92FEA /* FirestoreService.swift in Sources */,
				91C921C32C6CDF6600F92FEA /* LoginView.swift in Sources */,
				91C922192C763EB300F92FEA /* UserService.swift in Sources */,
				91C921CF2C6E391600F92FEA /* HomePageView.swift in Sources */,
				91C922022C75EAAF00F92FEA /* ProfilePhoto.swift in Sources */,
				91C922002C75E73000F92FEA /* NavigationToolbarModifier.swift in Sources */,
				91C922072C75EF7B00F92FEA /* UserEntity.swift in Sources */,
				91C921CD2C6E37A300F92FEA /* StartView.swift in Sources */,
			);
			runOnlyForDeploymentPostprocessing = 0;
		};
/* End PBXSourcesBuildPhase section */

/* Begin XCBuildConfiguration section */
		91C921B32C6CB33100F92FEA /* Debug */ = {
			isa = XCBuildConfiguration;
			buildSettings = {
				ALWAYS_SEARCH_USER_PATHS = NO;
				ASSETCATALOG_COMPILER_GENERATE_SWIFT_ASSET_SYMBOL_EXTENSIONS = YES;
				CLANG_ANALYZER_NONNULL = YES;
				CLANG_ANALYZER_NUMBER_OBJECT_CONVERSION = YES_AGGRESSIVE;
				CLANG_CXX_LANGUAGE_STANDARD = "gnu++20";
				CLANG_ENABLE_MODULES = YES;
				CLANG_ENABLE_OBJC_ARC = YES;
				CLANG_ENABLE_OBJC_WEAK = YES;
				CLANG_WARN_BLOCK_CAPTURE_AUTORELEASING = YES;
				CLANG_WARN_BOOL_CONVERSION = YES;
				CLANG_WARN_COMMA = YES;
				CLANG_WARN_CONSTANT_CONVERSION = YES;
				CLANG_WARN_DEPRECATED_OBJC_IMPLEMENTATIONS = YES;
				CLANG_WARN_DIRECT_OBJC_ISA_USAGE = YES_ERROR;
				CLANG_WARN_DOCUMENTATION_COMMENTS = YES;
				CLANG_WARN_EMPTY_BODY = YES;
				CLANG_WARN_ENUM_CONVERSION = YES;
				CLANG_WARN_INFINITE_RECURSION = YES;
				CLANG_WARN_INT_CONVERSION = YES;
				CLANG_WARN_NON_LITERAL_NULL_CONVERSION = YES;
				CLANG_WARN_OBJC_IMPLICIT_RETAIN_SELF = YES;
				CLANG_WARN_OBJC_LITERAL_CONVERSION = YES;
				CLANG_WARN_OBJC_ROOT_CLASS = YES_ERROR;
				CLANG_WARN_QUOTED_INCLUDE_IN_FRAMEWORK_HEADER = YES;
				CLANG_WARN_RANGE_LOOP_ANALYSIS = YES;
				CLANG_WARN_STRICT_PROTOTYPES = YES;
				CLANG_WARN_SUSPICIOUS_MOVE = YES;
				CLANG_WARN_UNGUARDED_AVAILABILITY = YES_AGGRESSIVE;
				CLANG_WARN_UNREACHABLE_CODE = YES;
				CLANG_WARN__DUPLICATE_METHOD_MATCH = YES;
				COPY_PHASE_STRIP = NO;
				DEBUG_INFORMATION_FORMAT = dwarf;
				ENABLE_STRICT_OBJC_MSGSEND = YES;
				ENABLE_TESTABILITY = YES;
				ENABLE_USER_SCRIPT_SANDBOXING = YES;
				GCC_C_LANGUAGE_STANDARD = gnu17;
				GCC_DYNAMIC_NO_PIC = NO;
				GCC_NO_COMMON_BLOCKS = YES;
				GCC_OPTIMIZATION_LEVEL = 0;
				GCC_PREPROCESSOR_DEFINITIONS = (
					"DEBUG=1",
					"$(inherited)",
				);
				GCC_WARN_64_TO_32_BIT_CONVERSION = YES;
				GCC_WARN_ABOUT_RETURN_TYPE = YES_ERROR;
				GCC_WARN_UNDECLARED_SELECTOR = YES;
				GCC_WARN_UNINITIALIZED_AUTOS = YES_AGGRESSIVE;
				GCC_WARN_UNUSED_FUNCTION = YES;
				GCC_WARN_UNUSED_VARIABLE = YES;
				IPHONEOS_DEPLOYMENT_TARGET = 17.5;
				LOCALIZATION_PREFERS_STRING_CATALOGS = YES;
				MTL_ENABLE_DEBUG_INFO = INCLUDE_SOURCE;
				MTL_FAST_MATH = YES;
				ONLY_ACTIVE_ARCH = YES;
				SDKROOT = iphoneos;
				SWIFT_ACTIVE_COMPILATION_CONDITIONS = "DEBUG $(inherited)";
				SWIFT_OPTIMIZATION_LEVEL = "-Onone";
			};
			name = Debug;
		};
		91C921B42C6CB33100F92FEA /* Release */ = {
			isa = XCBuildConfiguration;
			buildSettings = {
				ALWAYS_SEARCH_USER_PATHS = NO;
				ASSETCATALOG_COMPILER_GENERATE_SWIFT_ASSET_SYMBOL_EXTENSIONS = YES;
				CLANG_ANALYZER_NONNULL = YES;
				CLANG_ANALYZER_NUMBER_OBJECT_CONVERSION = YES_AGGRESSIVE;
				CLANG_CXX_LANGUAGE_STANDARD = "gnu++20";
				CLANG_ENABLE_MODULES = YES;
				CLANG_ENABLE_OBJC_ARC = YES;
				CLANG_ENABLE_OBJC_WEAK = YES;
				CLANG_WARN_BLOCK_CAPTURE_AUTORELEASING = YES;
				CLANG_WARN_BOOL_CONVERSION = YES;
				CLANG_WARN_COMMA = YES;
				CLANG_WARN_CONSTANT_CONVERSION = YES;
				CLANG_WARN_DEPRECATED_OBJC_IMPLEMENTATIONS = YES;
				CLANG_WARN_DIRECT_OBJC_ISA_USAGE = YES_ERROR;
				CLANG_WARN_DOCUMENTATION_COMMENTS = YES;
				CLANG_WARN_EMPTY_BODY = YES;
				CLANG_WARN_ENUM_CONVERSION = YES;
				CLANG_WARN_INFINITE_RECURSION = YES;
				CLANG_WARN_INT_CONVERSION = YES;
				CLANG_WARN_NON_LITERAL_NULL_CONVERSION = YES;
				CLANG_WARN_OBJC_IMPLICIT_RETAIN_SELF = YES;
				CLANG_WARN_OBJC_LITERAL_CONVERSION = YES;
				CLANG_WARN_OBJC_ROOT_CLASS = YES_ERROR;
				CLANG_WARN_QUOTED_INCLUDE_IN_FRAMEWORK_HEADER = YES;
				CLANG_WARN_RANGE_LOOP_ANALYSIS = YES;
				CLANG_WARN_STRICT_PROTOTYPES = YES;
				CLANG_WARN_SUSPICIOUS_MOVE = YES;
				CLANG_WARN_UNGUARDED_AVAILABILITY = YES_AGGRESSIVE;
				CLANG_WARN_UNREACHABLE_CODE = YES;
				CLANG_WARN__DUPLICATE_METHOD_MATCH = YES;
				COPY_PHASE_STRIP = NO;
				DEBUG_INFORMATION_FORMAT = "dwarf-with-dsym";
				ENABLE_NS_ASSERTIONS = NO;
				ENABLE_STRICT_OBJC_MSGSEND = YES;
				ENABLE_USER_SCRIPT_SANDBOXING = YES;
				GCC_C_LANGUAGE_STANDARD = gnu17;
				GCC_NO_COMMON_BLOCKS = YES;
				GCC_WARN_64_TO_32_BIT_CONVERSION = YES;
				GCC_WARN_ABOUT_RETURN_TYPE = YES_ERROR;
				GCC_WARN_UNDECLARED_SELECTOR = YES;
				GCC_WARN_UNINITIALIZED_AUTOS = YES_AGGRESSIVE;
				GCC_WARN_UNUSED_FUNCTION = YES;
				GCC_WARN_UNUSED_VARIABLE = YES;
				IPHONEOS_DEPLOYMENT_TARGET = 17.5;
				LOCALIZATION_PREFERS_STRING_CATALOGS = YES;
				MTL_ENABLE_DEBUG_INFO = NO;
				MTL_FAST_MATH = YES;
				SDKROOT = iphoneos;
				SWIFT_COMPILATION_MODE = wholemodule;
				VALIDATE_PRODUCT = YES;
			};
			name = Release;
		};
		91C921B62C6CB33100F92FEA /* Debug */ = {
			isa = XCBuildConfiguration;
			buildSettings = {
				ASSETCATALOG_COMPILER_APPICON_NAME = AppIcon;
				ASSETCATALOG_COMPILER_GLOBAL_ACCENT_COLOR_NAME = AccentColor;
				CODE_SIGN_STYLE = Automatic;
				CURRENT_PROJECT_VERSION = 1;
				DEVELOPMENT_ASSET_PATHS = "\"iOS_login_firebase/Preview Content\"";
				DEVELOPMENT_TEAM = 5M85C8QX87;
				ENABLE_PREVIEWS = YES;
				GENERATE_INFOPLIST_FILE = YES;
				INFOPLIST_KEY_UIApplicationSceneManifest_Generation = YES;
				INFOPLIST_KEY_UIApplicationSupportsIndirectInputEvents = YES;
				INFOPLIST_KEY_UILaunchScreen_Generation = YES;
				INFOPLIST_KEY_UISupportedInterfaceOrientations_iPad = "UIInterfaceOrientationPortrait UIInterfaceOrientationPortraitUpsideDown UIInterfaceOrientationLandscapeLeft UIInterfaceOrientationLandscapeRight";
				INFOPLIST_KEY_UISupportedInterfaceOrientations_iPhone = "UIInterfaceOrientationPortrait UIInterfaceOrientationLandscapeLeft UIInterfaceOrientationLandscapeRight";
				IPHONEOS_DEPLOYMENT_TARGET = 16.0;
				LD_RUNPATH_SEARCH_PATHS = (
					"$(inherited)",
					"@executable_path/Frameworks",
				);
				MARKETING_VERSION = 1.0;
				PRODUCT_BUNDLE_IDENTIFIER = "com.bee.iOS-login-firebase";
				PRODUCT_NAME = "$(TARGET_NAME)";
				SWIFT_EMIT_LOC_STRINGS = YES;
				SWIFT_VERSION = 5.0;
				TARGETED_DEVICE_FAMILY = "1,2";
			};
			name = Debug;
		};
		91C921B72C6CB33100F92FEA /* Release */ = {
			isa = XCBuildConfiguration;
			buildSettings = {
				ASSETCATALOG_COMPILER_APPICON_NAME = AppIcon;
				ASSETCATALOG_COMPILER_GLOBAL_ACCENT_COLOR_NAME = AccentColor;
				CODE_SIGN_STYLE = Automatic;
				CURRENT_PROJECT_VERSION = 1;
				DEVELOPMENT_ASSET_PATHS = "\"iOS_login_firebase/Preview Content\"";
				DEVELOPMENT_TEAM = 5M85C8QX87;
				ENABLE_PREVIEWS = YES;
				GENERATE_INFOPLIST_FILE = YES;
				INFOPLIST_KEY_UIApplicationSceneManifest_Generation = YES;
				INFOPLIST_KEY_UIApplicationSupportsIndirectInputEvents = YES;
				INFOPLIST_KEY_UILaunchScreen_Generation = YES;
				INFOPLIST_KEY_UISupportedInterfaceOrientations_iPad = "UIInterfaceOrientationPortrait UIInterfaceOrientationPortraitUpsideDown UIInterfaceOrientationLandscapeLeft UIInterfaceOrientationLandscapeRight";
				INFOPLIST_KEY_UISupportedInterfaceOrientations_iPhone = "UIInterfaceOrientationPortrait UIInterfaceOrientationLandscapeLeft UIInterfaceOrientationLandscapeRight";
				IPHONEOS_DEPLOYMENT_TARGET = 16.0;
				LD_RUNPATH_SEARCH_PATHS = (
					"$(inherited)",
					"@executable_path/Frameworks",
				);
				MARKETING_VERSION = 1.0;
				PRODUCT_BUNDLE_IDENTIFIER = "com.bee.iOS-login-firebase";
				PRODUCT_NAME = "$(TARGET_NAME)";
				SWIFT_EMIT_LOC_STRINGS = YES;
				SWIFT_VERSION = 5.0;
				TARGETED_DEVICE_FAMILY = "1,2";
			};
			name = Release;
		};
/* End XCBuildConfiguration section */

/* Begin XCConfigurationList section */
		91C921A22C6CB32700F92FEA /* Build configuration list for PBXProject "iOS_login_firebase" */ = {
			isa = XCConfigurationList;
			buildConfigurations = (
				91C921B32C6CB33100F92FEA /* Debug */,
				91C921B42C6CB33100F92FEA /* Release */,
			);
			defaultConfigurationIsVisible = 0;
			defaultConfigurationName = Release;
		};
		91C921B52C6CB33100F92FEA /* Build configuration list for PBXNativeTarget "iOS_login_firebase" */ = {
			isa = XCConfigurationList;
			buildConfigurations = (
				91C921B62C6CB33100F92FEA /* Debug */,
				91C921B72C6CB33100F92FEA /* Release */,
			);
			defaultConfigurationIsVisible = 0;
			defaultConfigurationName = Release;
		};
/* End XCConfigurationList section */

/* Begin XCRemoteSwiftPackageReference section */
		91C921BC2C6CBFE000F92FEA /* XCRemoteSwiftPackageReference "firebase-ios-sdk" */ = {
			isa = XCRemoteSwiftPackageReference;
			repositoryURL = "https://github.com/firebase/firebase-ios-sdk";
			requirement = {
				kind = upToNextMajorVersion;
				minimumVersion = 11.0.0;
			};
		};
/* End XCRemoteSwiftPackageReference section */

/* Begin XCSwiftPackageProductDependency section */
		91C921BD2C6CBFE000F92FEA /* FirebaseAnalytics */ = {
			isa = XCSwiftPackageProductDependency;
			package = 91C921BC2C6CBFE000F92FEA /* XCRemoteSwiftPackageReference "firebase-ios-sdk" */;
			productName = FirebaseAnalytics;
		};
		91C921BF2C6CBFE000F92FEA /* FirebaseAuth */ = {
			isa = XCSwiftPackageProductDependency;
			package = 91C921BC2C6CBFE000F92FEA /* XCRemoteSwiftPackageReference "firebase-ios-sdk" */;
			productName = FirebaseAuth;
		};
		91C922092C75FC6D00F92FEA /* FirebaseAuthCombine-Community */ = {
			isa = XCSwiftPackageProductDependency;
			package = 91C921BC2C6CBFE000F92FEA /* XCRemoteSwiftPackageReference "firebase-ios-sdk" */;
			productName = "FirebaseAuthCombine-Community";
		};
		91C9220B2C75FC6D00F92FEA /* FirebaseFirestore */ = {
			isa = XCSwiftPackageProductDependency;
			package = 91C921BC2C6CBFE000F92FEA /* XCRemoteSwiftPackageReference "firebase-ios-sdk" */;
			productName = FirebaseFirestore;
		};
		91C9220D2C75FC6D00F92FEA /* FirebaseFirestoreCombine-Community */ = {
			isa = XCSwiftPackageProductDependency;
			package = 91C921BC2C6CBFE000F92FEA /* XCRemoteSwiftPackageReference "firebase-ios-sdk" */;
			productName = "FirebaseFirestoreCombine-Community";
		};
/* End XCSwiftPackageProductDependency section */
	};
	rootObject = 91C9219F2C6CB32700F92FEA /* Project object */;
}
